
Microsoft Visual Studio Solution File, Format Version 12.00
# Visual Studio Version 17
VisualStudioVersion = 17.13.35919.96
MinimumVisualStudioVersion = 10.0.40219.1
Project("{FAE04EC0-301F-11D3-BF4B-00C04F79EFBC}") = "serv_logger", "serv_logger.csproj", "{DA9DF5AE-6B6C-4639-89C8-CC66C510488F}"
EndProject
Project("{B7DD6F7E-DEF8-4E67-B5B7-07EF123DB6F0}") = "ServiceSetup", "ServiceSetup\ServiceSetup.wixproj", "{2BBEC4E4-08AA-4A90-B34D-9E4643BDEB4D}"
EndProject
Global
	GlobalSection(SolutionConfigurationPlatforms) = preSolution
		Debug|Any CPU = Debug|Any CPU
		Debug|ARM64 = Debug|ARM64
		Debug|x64 = Debug|x64
		Debug|x86 = Debug|x86
		Release|Any CPU = Release|Any CPU
		Release|ARM64 = Release|ARM64
		Release|x64 = Release|x64
		Release|x86 = Release|x86
		v1.0.1|Any CPU = v1.0.1|Any CPU
		v1.0.1|ARM64 = v1.0.1|ARM64
		v1.0.1|x64 = v1.0.1|x64
		v1.0.1|x86 = v1.0.1|x86
	EndGlobalSection
	GlobalSection(ProjectConfigurationPlatforms) = postSolution
		{DA9DF5AE-6B6C-4639-89C8-CC66C510488F}.Debug|Any CPU.ActiveCfg = Debug|Any CPU
		{DA9DF5AE-6B6C-4639-89C8-CC66C510488F}.Debug|Any CPU.Build.0 = Debug|Any CPU
		{DA9DF5AE-6B6C-4639-89C8-CC66C510488F}.Debug|ARM64.ActiveCfg = Debug|Any CPU
		{DA9DF5AE-6B6C-4639-89C8-CC66C510488F}.Debug|ARM64.Build.0 = Debug|Any CPU
		{DA9DF5AE-6B6C-4639-89C8-CC66C510488F}.Debug|x64.ActiveCfg = Debug|Any CPU
		{DA9DF5AE-6B6C-4639-89C8-CC66C510488F}.Debug|x64.Build.0 = Debug|Any CPU
		{DA9DF5AE-6B6C-4639-89C8-CC66C510488F}.Debug|x86.ActiveCfg = Debug|Any CPU
		{DA9DF5AE-6B6C-4639-89C8-CC66C510488F}.Debug|x86.Build.0 = Debug|Any CPU
		{DA9DF5AE-6B6C-4639-89C8-CC66C510488F}.Release|Any CPU.ActiveCfg = Release|Any CPU
		{DA9DF5AE-6B6C-4639-89C8-CC66C510488F}.Release|Any CPU.Build.0 = Release|Any CPU
		{DA9DF5AE-6B6C-4639-89C8-CC66C510488F}.Release|ARM64.ActiveCfg = Release|Any CPU
		{DA9DF5AE-6B6C-4639-89C8-CC66C510488F}.Release|ARM64.Build.0 = Release|Any CPU
		{DA9DF5AE-6B6C-4639-89C8-CC66C510488F}.Release|x64.ActiveCfg = Release|Any CPU
		{DA9DF5AE-6B6C-4639-89C8-CC66C510488F}.Release|x64.Build.0 = Release|Any CPU
		{DA9DF5AE-6B6C-4639-89C8-CC66C510488F}.Release|x86.ActiveCfg = Release|Any CPU
		{DA9DF5AE-6B6C-4639-89C8-CC66C510488F}.Release|x86.Build.0 = Release|Any CPU
		{DA9DF5AE-6B6C-4639-89C8-CC66C510488F}.v1.0.1|Any CPU.ActiveCfg = v1.0.0|Any CPU
		{DA9DF5AE-6B6C-4639-89C8-CC66C510488F}.v1.0.1|Any CPU.Build.0 = v1.0.0|Any CPU
		{DA9DF5AE-6B6C-4639-89C8-CC66C510488F}.v1.0.1|ARM64.ActiveCfg = Release|Any CPU
		{DA9DF5AE-6B6C-4639-89C8-CC66C510488F}.v1.0.1|ARM64.Build.0 = Release|Any CPU
		{DA9DF5AE-6B6C-4639-89C8-CC66C510488F}.v1.0.1|x64.ActiveCfg = Release|Any CPU
		{DA9DF5AE-6B6C-4639-89C8-CC66C510488F}.v1.0.1|x64.Build.0 = Release|Any CPU
		{DA9DF5AE-6B6C-4639-89C8-CC66C510488F}.v1.0.1|x86.ActiveCfg = Release|Any CPU
		{DA9DF5AE-6B6C-4639-89C8-CC66C510488F}.v1.0.1|x86.Build.0 = Release|Any CPU
		{2BBEC4E4-08AA-4A90-B34D-9E4643BDEB4D}.Debug|Any CPU.ActiveCfg = Debug|x64
		{2BBEC4E4-08AA-4A90-B34D-9E4643BDEB4D}.Debug|Any CPU.Build.0 = Debug|x64
		{2BBEC4E4-08AA-4A90-B34D-9E4643BDEB4D}.Debug|ARM64.ActiveCfg = Debug|ARM64
		{2BBEC4E4-08AA-4A90-B34D-9E4643BDEB4D}.Debug|ARM64.Build.0 = Debug|ARM64
		{2BBEC4E4-08AA-4A90-B34D-9E4643BDEB4D}.Debug|x64.ActiveCfg = Debug|x64
		{2BBEC4E4-08AA-4A90-B34D-9E4643BDEB4D}.Debug|x64.Build.0 = Debug|x64
		{2BBEC4E4-08AA-4A90-B34D-9E4643BDEB4D}.Debug|x86.ActiveCfg = Debug|x86
		{2BBEC4E4-08AA-4A90-B34D-9E4643BDEB4D}.Debug|x86.Build.0 = Debug|x86
		{2BBEC4E4-08AA-4A90-B34D-9E4643BDEB4D}.Release|Any CPU.ActiveCfg = Release|x64
		{2BBEC4E4-08AA-4A90-B34D-9E4643BDEB4D}.Release|Any CPU.Build.0 = Release|x64
		{2BBEC4E4-08AA-4A90-B34D-9E4643BDEB4D}.Release|ARM64.ActiveCfg = Release|ARM64
		{2BBEC4E4-08AA-4A90-B34D-9E4643BDEB4D}.Release|ARM64.Build.0 = Release|ARM64
		{2BBEC4E4-08AA-4A90-B34D-9E4643BDEB4D}.Release|x64.ActiveCfg = Release|x64
		{2BBEC4E4-08AA-4A90-B34D-9E4643BDEB4D}.Release|x64.Build.0 = Release|x64
		{2BBEC4E4-08AA-4A90-B34D-9E4643BDEB4D}.Release|x86.ActiveCfg = Release|x86
		{2BBEC4E4-08AA-4A90-B34D-9E4643BDEB4D}.Release|x86.Build.0 = Release|x86
		{2BBEC4E4-08AA-4A90-B34D-9E4643BDEB4D}.v1.0.1|Any CPU.ActiveCfg = Release|x64
		{2BBEC4E4-08AA-4A90-B34D-9E4643BDEB4D}.v1.0.1|Any CPU.Build.0 = Release|x64
		{2BBEC4E4-08AA-4A90-B34D-9E4643BDEB4D}.v1.0.1|ARM64.ActiveCfg = Release|ARM64
		{2BBEC4E4-08AA-4A90-B34D-9E4643BDEB4D}.v1.0.1|ARM64.Build.0 = Release|ARM64
		{2BBEC4E4-08AA-4A90-B34D-9E4643BDEB4D}.v1.0.1|x64.ActiveCfg = Release|x64
		{2BBEC4E4-08AA-4A90-B34D-9E4643BDEB4D}.v1.0.1|x64.Build.0 = Release|x64
		{2BBEC4E4-08AA-4A90-B34D-9E4643BDEB4D}.v1.0.1|x86.ActiveCfg = Release|x86
		{2BBEC4E4-08AA-4A90-B34D-9E4643BDEB4D}.v1.0.1|x86.Build.0 = Release|x86
	EndGlobalSection
	GlobalSection(SolutionProperties) = preSolution
		HideSolutionNode = FALSE
	EndGlobalSection
	GlobalSection(ExtensibilityGlobals) = postSolution
		SolutionGuid = {5DCC15FA-3608-4E22-99B7-1927CA4E10CE}
	EndGlobalSection
EndGlobal
